
Microsoft Visual Studio Solution File, Format Version 12.00
# Visual Studio 15
VisualStudioVersion = 15.0.27703.2042
MinimumVisualStudioVersion = 10.0.40219.1
Project("{8BC9CEB8-8B4A-11D0-8D11-00A0C91BC942}") = "353 Design Snake Game", "353 Design Snake Game\353 Design Snake Game\353 Design Snake Game.vcxproj", "{49ECDC3C-63A4-485C-9CCF-83B8B3B2BAFC}"
EndProject
Project("{8BC9CEB8-8B4A-11D0-8D11-00A0C91BC942}") = "151 reverse words in a string", "151 reverse words in a string\151 reverse words in a string.vcxproj", "{019EAD6D-2E88-4B37-8E39-0FFD7DC0C9A2}"
EndProject
Project("{8BC9CEB8-8B4A-11D0-8D11-00A0C91BC942}") = "146 LRU Cache", "146 LRU Cache\146 LRU Cache.vcxproj", "{7A33DF73-66C6-49CD-A072-FCF54DBD26EC}"
EndProject
Project("{8BC9CEB8-8B4A-11D0-8D11-00A0C91BC942}") = "5 longest palindromic string", "5 longest palindromic string\5 longest palindromic string.vcxproj", "{2DD0778C-3857-47A3-88EB-EA80AF4E0BE6}"
EndProject
Project("{8BC9CEB8-8B4A-11D0-8D11-00A0C91BC942}") = "159 lengthOfLongestSubstringTwoDistinct", "159 lengthOfLongestSubstringTwoDistinct\159 lengthOfLongestSubstringTwoDistinct.vcxproj", "{99D8F1BF-556C-406B-9FDA-CA8DDA99D474}"
EndProject
Project("{8BC9CEB8-8B4A-11D0-8D11-00A0C91BC942}") = "256 Paint House", "256 Paint House\256 Paint House.vcxproj", "{378B6DCF-4813-4408-885F-B725343EE524}"
EndProject
Project("{8BC9CEB8-8B4A-11D0-8D11-00A0C91BC942}") = "236 Lowest Common Ancestor of  a Binary Tree", "236 Lowest Common Ancestor of  a Binary Tree\236 Lowest Common Ancestor of  a Binary Tree.vcxproj", "{30D9F853-1A94-4593-ACD3-ED669C25A7AD}"
EndProject
Project("{8BC9CEB8-8B4A-11D0-8D11-00A0C91BC942}") = "Heap", "Heap\Heap.vcxproj", "{545281EA-AF6B-4974-A404-20F6863BC089}"
EndProject
Project("{8BC9CEB8-8B4A-11D0-8D11-00A0C91BC942}") = "417 Pacific Atlantic Water Flow", "417 Pacific Atlantic Water Flow\417 Pacific Atlantic Water Flow.vcxproj", "{5A1CC520-FD99-4F45-A826-2A530959B2C8}"
EndProject
Project("{8BC9CEB8-8B4A-11D0-8D11-00A0C91BC942}") = "TreeWalker", "TreeWalker\TreeWalker.vcxproj", "{BE9E8F82-5683-46C9-A68C-14D52EC67EE9}"
EndProject
Project("{8BC9CEB8-8B4A-11D0-8D11-00A0C91BC942}") = "BinarySearch", "BinarySearch\BinarySearch.vcxproj", "{12AD23F1-3C14-4C49-BAB7-073645AEE533}"
EndProject
Project("{8BC9CEB8-8B4A-11D0-8D11-00A0C91BC942}") = "RBTree", "RBTree\RBTree.vcxproj", "{5B745A93-B5D3-4E48-B345-975EAC619FFA}"
EndProject
Project("{8BC9CEB8-8B4A-11D0-8D11-00A0C91BC942}") = "TwentyFour", "TwentyFour\TwentyFour.vcxproj", "{227A9691-8A4E-4F6D-BD59-A32BD3290B5C}"
EndProject
Project("{8BC9CEB8-8B4A-11D0-8D11-00A0C91BC942}") = "592 FractionAddAndSubstraction", "592 FractionAddAndSubstraction\592 FractionAddAndSubstraction.vcxproj", "{F59B1B9A-2EFD-4E39-A13A-1EE72D1A0EF3}"
EndProject
Project("{8BC9CEB8-8B4A-11D0-8D11-00A0C91BC942}") = "283 Move Zeroes", "283 Move Zeroes\283 Move Zeroes.vcxproj", "{3327B810-6B97-4F9B-9F8B-2FC9E9B6338C}"
EndProject
Project("{8BC9CEB8-8B4A-11D0-8D11-00A0C91BC942}") = "301 Remove Invalid Parentheses", "301 Remove Invalid Parentheses\301 Remove Invalid Parentheses.vcxproj", "{30D319C8-9FA2-49BA-AF96-CF40C4D04331}"
EndProject
Project("{8BC9CEB8-8B4A-11D0-8D11-00A0C91BC942}") = "314 Binary Tree Vertical Order Traversal", "314 Binary Tree Vertical Order Traversal\314 Binary Tree Vertical Order Traversal.vcxproj", "{8CA29C21-EF15-42F6-9354-B756AC82DE90}"
EndProject
Project("{8BC9CEB8-8B4A-11D0-8D11-00A0C91BC942}") = "273 Integer to English Words", "273 Integer to English Words\273 Integer to English Words.vcxproj", "{5482465F-B85F-4D00-A848-3CD6E38B5B21}"
EndProject
Project("{8BC9CEB8-8B4A-11D0-8D11-00A0C91BC942}") = "898 Bitwise ORs of Subarrays", "898 Bitwise ORs of Subarrays\898 Bitwise ORs of Subarrays.vcxproj", "{CF089F01-F70C-4F42-B62A-482514C7D071}"
EndProject
Project("{8BC9CEB8-8B4A-11D0-8D11-00A0C91BC942}") = "900 RLE Iterator", "900 RLE Iterator\900 RLE Iterator.vcxproj", "{E2609B82-AEA9-46C6-896A-7BB148E27B2F}"
EndProject
Project("{8BC9CEB8-8B4A-11D0-8D11-00A0C91BC942}") = "907. Sum of Subarray Minimums", "907. Sum of Subarray Minimums\907. Sum of Subarray Minimums.vcxproj", "{0354CA72-0AAC-400B-8563-112B89B6AF7F}"
EndProject
Project("{8BC9CEB8-8B4A-11D0-8D11-00A0C91BC942}") = "909. Snakes and Ladders", "909. Snakes and Ladders\909. Snakes and Ladders.vcxproj", "{F8119203-8DA3-4C2D-877D-3954C849AF8D}"
EndProject
Global
	GlobalSection(SolutionConfigurationPlatforms) = preSolution
		Debug|Any CPU = Debug|Any CPU
		Debug|x64 = Debug|x64
		Debug|x86 = Debug|x86
		Release|Any CPU = Release|Any CPU
		Release|x64 = Release|x64
		Release|x86 = Release|x86
	EndGlobalSection
	GlobalSection(ProjectConfigurationPlatforms) = postSolution
		{49ECDC3C-63A4-485C-9CCF-83B8B3B2BAFC}.Debug|Any CPU.ActiveCfg = Debug|Win32
		{49ECDC3C-63A4-485C-9CCF-83B8B3B2BAFC}.Debug|x64.ActiveCfg = Debug|x64
		{49ECDC3C-63A4-485C-9CCF-83B8B3B2BAFC}.Debug|x64.Build.0 = Debug|x64
		{49ECDC3C-63A4-485C-9CCF-83B8B3B2BAFC}.Debug|x86.ActiveCfg = Debug|Win32
		{49ECDC3C-63A4-485C-9CCF-83B8B3B2BAFC}.Debug|x86.Build.0 = Debug|Win32
		{49ECDC3C-63A4-485C-9CCF-83B8B3B2BAFC}.Release|Any CPU.ActiveCfg = Release|Win32
		{49ECDC3C-63A4-485C-9CCF-83B8B3B2BAFC}.Release|x64.ActiveCfg = Release|x64
		{49ECDC3C-63A4-485C-9CCF-83B8B3B2BAFC}.Release|x64.Build.0 = Release|x64
		{49ECDC3C-63A4-485C-9CCF-83B8B3B2BAFC}.Release|x86.ActiveCfg = Release|Win32
		{49ECDC3C-63A4-485C-9CCF-83B8B3B2BAFC}.Release|x86.Build.0 = Release|Win32
		{019EAD6D-2E88-4B37-8E39-0FFD7DC0C9A2}.Debug|Any CPU.ActiveCfg = Debug|Win32
		{019EAD6D-2E88-4B37-8E39-0FFD7DC0C9A2}.Debug|x64.ActiveCfg = Debug|x64
		{019EAD6D-2E88-4B37-8E39-0FFD7DC0C9A2}.Debug|x64.Build.0 = Debug|x64
		{019EAD6D-2E88-4B37-8E39-0FFD7DC0C9A2}.Debug|x86.ActiveCfg = Debug|Win32
		{019EAD6D-2E88-4B37-8E39-0FFD7DC0C9A2}.Debug|x86.Build.0 = Debug|Win32
		{019EAD6D-2E88-4B37-8E39-0FFD7DC0C9A2}.Release|Any CPU.ActiveCfg = Release|Win32
		{019EAD6D-2E88-4B37-8E39-0FFD7DC0C9A2}.Release|x64.ActiveCfg = Release|x64
		{019EAD6D-2E88-4B37-8E39-0FFD7DC0C9A2}.Release|x64.Build.0 = Release|x64
		{019EAD6D-2E88-4B37-8E39-0FFD7DC0C9A2}.Release|x86.ActiveCfg = Release|Win32
		{019EAD6D-2E88-4B37-8E39-0FFD7DC0C9A2}.Release|x86.Build.0 = Release|Win32
		{7A33DF73-66C6-49CD-A072-FCF54DBD26EC}.Debug|Any CPU.ActiveCfg = Debug|Win32
		{7A33DF73-66C6-49CD-A072-FCF54DBD26EC}.Debug|x64.ActiveCfg = Debug|x64
		{7A33DF73-66C6-49CD-A072-FCF54DBD26EC}.Debug|x64.Build.0 = Debug|x64
		{7A33DF73-66C6-49CD-A072-FCF54DBD26EC}.Debug|x86.ActiveCfg = Debug|Win32
		{7A33DF73-66C6-49CD-A072-FCF54DBD26EC}.Debug|x86.Build.0 = Debug|Win32
		{7A33DF73-66C6-49CD-A072-FCF54DBD26EC}.Release|Any CPU.ActiveCfg = Release|Win32
		{7A33DF73-66C6-49CD-A072-FCF54DBD26EC}.Release|x64.ActiveCfg = Release|x64
		{7A33DF73-66C6-49CD-A072-FCF54DBD26EC}.Release|x64.Build.0 = Release|x64
		{7A33DF73-66C6-49CD-A072-FCF54DBD26EC}.Release|x86.ActiveCfg = Release|Win32
		{7A33DF73-66C6-49CD-A072-FCF54DBD26EC}.Release|x86.Build.0 = Release|Win32
		{2DD0778C-3857-47A3-88EB-EA80AF4E0BE6}.Debug|Any CPU.ActiveCfg = Debug|Win32
		{2DD0778C-3857-47A3-88EB-EA80AF4E0BE6}.Debug|x64.ActiveCfg = Debug|x64
		{2DD0778C-3857-47A3-88EB-EA80AF4E0BE6}.Debug|x64.Build.0 = Debug|x64
		{2DD0778C-3857-47A3-88EB-EA80AF4E0BE6}.Debug|x86.ActiveCfg = Debug|Win32
		{2DD0778C-3857-47A3-88EB-EA80AF4E0BE6}.Debug|x86.Build.0 = Debug|Win32
		{2DD0778C-3857-47A3-88EB-EA80AF4E0BE6}.Release|Any CPU.ActiveCfg = Release|Win32
		{2DD0778C-3857-47A3-88EB-EA80AF4E0BE6}.Release|x64.ActiveCfg = Release|x64
		{2DD0778C-3857-47A3-88EB-EA80AF4E0BE6}.Release|x64.Build.0 = Release|x64
		{2DD0778C-3857-47A3-88EB-EA80AF4E0BE6}.Release|x86.ActiveCfg = Release|Win32
		{2DD0778C-3857-47A3-88EB-EA80AF4E0BE6}.Release|x86.Build.0 = Release|Win32
		{99D8F1BF-556C-406B-9FDA-CA8DDA99D474}.Debug|Any CPU.ActiveCfg = Debug|Win32
		{99D8F1BF-556C-406B-9FDA-CA8DDA99D474}.Debug|x64.ActiveCfg = Debug|x64
		{99D8F1BF-556C-406B-9FDA-CA8DDA99D474}.Debug|x64.Build.0 = Debug|x64
		{99D8F1BF-556C-406B-9FDA-CA8DDA99D474}.Debug|x86.ActiveCfg = Debug|Win32
		{99D8F1BF-556C-406B-9FDA-CA8DDA99D474}.Debug|x86.Build.0 = Debug|Win32
		{99D8F1BF-556C-406B-9FDA-CA8DDA99D474}.Release|Any CPU.ActiveCfg = Release|Win32
		{99D8F1BF-556C-406B-9FDA-CA8DDA99D474}.Release|x64.ActiveCfg = Release|x64
		{99D8F1BF-556C-406B-9FDA-CA8DDA99D474}.Release|x64.Build.0 = Release|x64
		{99D8F1BF-556C-406B-9FDA-CA8DDA99D474}.Release|x86.ActiveCfg = Release|Win32
		{99D8F1BF-556C-406B-9FDA-CA8DDA99D474}.Release|x86.Build.0 = Release|Win32
		{378B6DCF-4813-4408-885F-B725343EE524}.Debug|Any CPU.ActiveCfg = Debug|Win32
		{378B6DCF-4813-4408-885F-B725343EE524}.Debug|x64.ActiveCfg = Debug|x64
		{378B6DCF-4813-4408-885F-B725343EE524}.Debug|x64.Build.0 = Debug|x64
		{378B6DCF-4813-4408-885F-B725343EE524}.Debug|x86.ActiveCfg = Debug|Win32
		{378B6DCF-4813-4408-885F-B725343EE524}.Debug|x86.Build.0 = Debug|Win32
		{378B6DCF-4813-4408-885F-B725343EE524}.Release|Any CPU.ActiveCfg = Release|Win32
		{378B6DCF-4813-4408-885F-B725343EE524}.Release|x64.ActiveCfg = Release|x64
		{378B6DCF-4813-4408-885F-B725343EE524}.Release|x64.Build.0 = Release|x64
		{378B6DCF-4813-4408-885F-B725343EE524}.Release|x86.ActiveCfg = Release|Win32
		{378B6DCF-4813-4408-885F-B725343EE524}.Release|x86.Build.0 = Release|Win32
		{30D9F853-1A94-4593-ACD3-ED669C25A7AD}.Debug|Any CPU.ActiveCfg = Debug|Win32
		{30D9F853-1A94-4593-ACD3-ED669C25A7AD}.Debug|x64.ActiveCfg = Debug|x64
		{30D9F853-1A94-4593-ACD3-ED669C25A7AD}.Debug|x64.Build.0 = Debug|x64
		{30D9F853-1A94-4593-ACD3-ED669C25A7AD}.Debug|x86.ActiveCfg = Debug|Win32
		{30D9F853-1A94-4593-ACD3-ED669C25A7AD}.Debug|x86.Build.0 = Debug|Win32
		{30D9F853-1A94-4593-ACD3-ED669C25A7AD}.Release|Any CPU.ActiveCfg = Release|Win32
		{30D9F853-1A94-4593-ACD3-ED669C25A7AD}.Release|x64.ActiveCfg = Release|x64
		{30D9F853-1A94-4593-ACD3-ED669C25A7AD}.Release|x64.Build.0 = Release|x64
		{30D9F853-1A94-4593-ACD3-ED669C25A7AD}.Release|x86.ActiveCfg = Release|Win32
		{30D9F853-1A94-4593-ACD3-ED669C25A7AD}.Release|x86.Build.0 = Release|Win32
		{545281EA-AF6B-4974-A404-20F6863BC089}.Debug|Any CPU.ActiveCfg = Debug|Win32
		{545281EA-AF6B-4974-A404-20F6863BC089}.Debug|x64.ActiveCfg = Debug|x64
		{545281EA-AF6B-4974-A404-20F6863BC089}.Debug|x64.Build.0 = Debug|x64
		{545281EA-AF6B-4974-A404-20F6863BC089}.Debug|x86.ActiveCfg = Debug|Win32
		{545281EA-AF6B-4974-A404-20F6863BC089}.Debug|x86.Build.0 = Debug|Win32
		{545281EA-AF6B-4974-A404-20F6863BC089}.Release|Any CPU.ActiveCfg = Release|Win32
		{545281EA-AF6B-4974-A404-20F6863BC089}.Release|x64.ActiveCfg = Release|x64
		{545281EA-AF6B-4974-A404-20F6863BC089}.Release|x64.Build.0 = Release|x64
		{545281EA-AF6B-4974-A404-20F6863BC089}.Release|x86.ActiveCfg = Release|Win32
		{545281EA-AF6B-4974-A404-20F6863BC089}.Release|x86.Build.0 = Release|Win32
		{5A1CC520-FD99-4F45-A826-2A530959B2C8}.Debug|Any CPU.ActiveCfg = Debug|Win32
		{5A1CC520-FD99-4F45-A826-2A530959B2C8}.Debug|x64.ActiveCfg = Debug|x64
		{5A1CC520-FD99-4F45-A826-2A530959B2C8}.Debug|x64.Build.0 = Debug|x64
		{5A1CC520-FD99-4F45-A826-2A530959B2C8}.Debug|x86.ActiveCfg = Debug|Win32
		{5A1CC520-FD99-4F45-A826-2A530959B2C8}.Debug|x86.Build.0 = Debug|Win32
		{5A1CC520-FD99-4F45-A826-2A530959B2C8}.Release|Any CPU.ActiveCfg = Release|Win32
		{5A1CC520-FD99-4F45-A826-2A530959B2C8}.Release|x64.ActiveCfg = Release|x64
		{5A1CC520-FD99-4F45-A826-2A530959B2C8}.Release|x64.Build.0 = Release|x64
		{5A1CC520-FD99-4F45-A826-2A530959B2C8}.Release|x86.ActiveCfg = Release|Win32
		{5A1CC520-FD99-4F45-A826-2A530959B2C8}.Release|x86.Build.0 = Release|Win32
		{BE9E8F82-5683-46C9-A68C-14D52EC67EE9}.Debug|Any CPU.ActiveCfg = Debug|Win32
		{BE9E8F82-5683-46C9-A68C-14D52EC67EE9}.Debug|x64.ActiveCfg = Debug|x64
		{BE9E8F82-5683-46C9-A68C-14D52EC67EE9}.Debug|x64.Build.0 = Debug|x64
		{BE9E8F82-5683-46C9-A68C-14D52EC67EE9}.Debug|x86.ActiveCfg = Debug|Win32
		{BE9E8F82-5683-46C9-A68C-14D52EC67EE9}.Debug|x86.Build.0 = Debug|Win32
		{BE9E8F82-5683-46C9-A68C-14D52EC67EE9}.Release|Any CPU.ActiveCfg = Release|Win32
		{BE9E8F82-5683-46C9-A68C-14D52EC67EE9}.Release|x64.ActiveCfg = Release|x64
		{BE9E8F82-5683-46C9-A68C-14D52EC67EE9}.Release|x64.Build.0 = Release|x64
		{BE9E8F82-5683-46C9-A68C-14D52EC67EE9}.Release|x86.ActiveCfg = Release|Win32
		{BE9E8F82-5683-46C9-A68C-14D52EC67EE9}.Release|x86.Build.0 = Release|Win32
		{12AD23F1-3C14-4C49-BAB7-073645AEE533}.Debug|Any CPU.ActiveCfg = Debug|Win32
		{12AD23F1-3C14-4C49-BAB7-073645AEE533}.Debug|x64.ActiveCfg = Debug|x64
		{12AD23F1-3C14-4C49-BAB7-073645AEE533}.Debug|x64.Build.0 = Debug|x64
		{12AD23F1-3C14-4C49-BAB7-073645AEE533}.Debug|x86.ActiveCfg = Debug|Win32
		{12AD23F1-3C14-4C49-BAB7-073645AEE533}.Debug|x86.Build.0 = Debug|Win32
		{12AD23F1-3C14-4C49-BAB7-073645AEE533}.Release|Any CPU.ActiveCfg = Release|Win32
		{12AD23F1-3C14-4C49-BAB7-073645AEE533}.Release|x64.ActiveCfg = Release|x64
		{12AD23F1-3C14-4C49-BAB7-073645AEE533}.Release|x64.Build.0 = Release|x64
		{12AD23F1-3C14-4C49-BAB7-073645AEE533}.Release|x86.ActiveCfg = Release|Win32
		{12AD23F1-3C14-4C49-BAB7-073645AEE533}.Release|x86.Build.0 = Release|Win32
		{5B745A93-B5D3-4E48-B345-975EAC619FFA}.Debug|Any CPU.ActiveCfg = Debug|Win32
		{5B745A93-B5D3-4E48-B345-975EAC619FFA}.Debug|x64.ActiveCfg = Debug|x64
		{5B745A93-B5D3-4E48-B345-975EAC619FFA}.Debug|x64.Build.0 = Debug|x64
		{5B745A93-B5D3-4E48-B345-975EAC619FFA}.Debug|x86.ActiveCfg = Debug|Win32
		{5B745A93-B5D3-4E48-B345-975EAC619FFA}.Debug|x86.Build.0 = Debug|Win32
		{5B745A93-B5D3-4E48-B345-975EAC619FFA}.Release|Any CPU.ActiveCfg = Release|Win32
		{5B745A93-B5D3-4E48-B345-975EAC619FFA}.Release|x64.ActiveCfg = Release|x64
		{5B745A93-B5D3-4E48-B345-975EAC619FFA}.Release|x64.Build.0 = Release|x64
		{5B745A93-B5D3-4E48-B345-975EAC619FFA}.Release|x86.ActiveCfg = Release|Win32
		{5B745A93-B5D3-4E48-B345-975EAC619FFA}.Release|x86.Build.0 = Release|Win32
		{227A9691-8A4E-4F6D-BD59-A32BD3290B5C}.Debug|Any CPU.ActiveCfg = Debug|Win32
		{227A9691-8A4E-4F6D-BD59-A32BD3290B5C}.Debug|x64.ActiveCfg = Debug|x64
		{227A9691-8A4E-4F6D-BD59-A32BD3290B5C}.Debug|x64.Build.0 = Debug|x64
		{227A9691-8A4E-4F6D-BD59-A32BD3290B5C}.Debug|x86.ActiveCfg = Debug|Win32
		{227A9691-8A4E-4F6D-BD59-A32BD3290B5C}.Debug|x86.Build.0 = Debug|Win32
		{227A9691-8A4E-4F6D-BD59-A32BD3290B5C}.Release|Any CPU.ActiveCfg = Release|Win32
		{227A9691-8A4E-4F6D-BD59-A32BD3290B5C}.Release|x64.ActiveCfg = Release|x64
		{227A9691-8A4E-4F6D-BD59-A32BD3290B5C}.Release|x64.Build.0 = Release|x64
		{227A9691-8A4E-4F6D-BD59-A32BD3290B5C}.Release|x86.ActiveCfg = Release|Win32
		{227A9691-8A4E-4F6D-BD59-A32BD3290B5C}.Release|x86.Build.0 = Release|Win32
		{F59B1B9A-2EFD-4E39-A13A-1EE72D1A0EF3}.Debug|Any CPU.ActiveCfg = Debug|Win32
		{F59B1B9A-2EFD-4E39-A13A-1EE72D1A0EF3}.Debug|x64.ActiveCfg = Debug|x64
		{F59B1B9A-2EFD-4E39-A13A-1EE72D1A0EF3}.Debug|x64.Build.0 = Debug|x64
		{F59B1B9A-2EFD-4E39-A13A-1EE72D1A0EF3}.Debug|x86.ActiveCfg = Debug|Win32
		{F59B1B9A-2EFD-4E39-A13A-1EE72D1A0EF3}.Debug|x86.Build.0 = Debug|Win32
		{F59B1B9A-2EFD-4E39-A13A-1EE72D1A0EF3}.Release|Any CPU.ActiveCfg = Release|Win32
		{F59B1B9A-2EFD-4E39-A13A-1EE72D1A0EF3}.Release|x64.ActiveCfg = Release|x64
		{F59B1B9A-2EFD-4E39-A13A-1EE72D1A0EF3}.Release|x64.Build.0 = Release|x64
		{F59B1B9A-2EFD-4E39-A13A-1EE72D1A0EF3}.Release|x86.ActiveCfg = Release|Win32
		{F59B1B9A-2EFD-4E39-A13A-1EE72D1A0EF3}.Release|x86.Build.0 = Release|Win32
		{3327B810-6B97-4F9B-9F8B-2FC9E9B6338C}.Debug|Any CPU.ActiveCfg = Debug|Win32
		{3327B810-6B97-4F9B-9F8B-2FC9E9B6338C}.Debug|x64.ActiveCfg = Debug|x64
		{3327B810-6B97-4F9B-9F8B-2FC9E9B6338C}.Debug|x64.Build.0 = Debug|x64
		{3327B810-6B97-4F9B-9F8B-2FC9E9B6338C}.Debug|x86.ActiveCfg = Debug|Win32
		{3327B810-6B97-4F9B-9F8B-2FC9E9B6338C}.Debug|x86.Build.0 = Debug|Win32
		{3327B810-6B97-4F9B-9F8B-2FC9E9B6338C}.Release|Any CPU.ActiveCfg = Release|Win32
		{3327B810-6B97-4F9B-9F8B-2FC9E9B6338C}.Release|x64.ActiveCfg = Release|x64
		{3327B810-6B97-4F9B-9F8B-2FC9E9B6338C}.Release|x64.Build.0 = Release|x64
		{3327B810-6B97-4F9B-9F8B-2FC9E9B6338C}.Release|x86.ActiveCfg = Release|Win32
		{3327B810-6B97-4F9B-9F8B-2FC9E9B6338C}.Release|x86.Build.0 = Release|Win32
		{30D319C8-9FA2-49BA-AF96-CF40C4D04331}.Debug|Any CPU.ActiveCfg = Debug|Win32
		{30D319C8-9FA2-49BA-AF96-CF40C4D04331}.Debug|x64.ActiveCfg = Debug|x64
		{30D319C8-9FA2-49BA-AF96-CF40C4D04331}.Debug|x64.Build.0 = Debug|x64
		{30D319C8-9FA2-49BA-AF96-CF40C4D04331}.Debug|x86.ActiveCfg = Debug|Win32
		{30D319C8-9FA2-49BA-AF96-CF40C4D04331}.Debug|x86.Build.0 = Debug|Win32
		{30D319C8-9FA2-49BA-AF96-CF40C4D04331}.Release|Any CPU.ActiveCfg = Release|Win32
		{30D319C8-9FA2-49BA-AF96-CF40C4D04331}.Release|x64.ActiveCfg = Release|x64
		{30D319C8-9FA2-49BA-AF96-CF40C4D04331}.Release|x64.Build.0 = Release|x64
		{30D319C8-9FA2-49BA-AF96-CF40C4D04331}.Release|x86.ActiveCfg = Release|Win32
		{30D319C8-9FA2-49BA-AF96-CF40C4D04331}.Release|x86.Build.0 = Release|Win32
		{8CA29C21-EF15-42F6-9354-B756AC82DE90}.Debug|Any CPU.ActiveCfg = Debug|Win32
		{8CA29C21-EF15-42F6-9354-B756AC82DE90}.Debug|x64.ActiveCfg = Debug|x64
		{8CA29C21-EF15-42F6-9354-B756AC82DE90}.Debug|x64.Build.0 = Debug|x64
		{8CA29C21-EF15-42F6-9354-B756AC82DE90}.Debug|x86.ActiveCfg = Debug|Win32
		{8CA29C21-EF15-42F6-9354-B756AC82DE90}.Debug|x86.Build.0 = Debug|Win32
		{8CA29C21-EF15-42F6-9354-B756AC82DE90}.Release|Any CPU.ActiveCfg = Release|Win32
		{8CA29C21-EF15-42F6-9354-B756AC82DE90}.Release|x64.ActiveCfg = Release|x64
		{8CA29C21-EF15-42F6-9354-B756AC82DE90}.Release|x64.Build.0 = Release|x64
		{8CA29C21-EF15-42F6-9354-B756AC82DE90}.Release|x86.ActiveCfg = Release|Win32
		{8CA29C21-EF15-42F6-9354-B756AC82DE90}.Release|x86.Build.0 = Release|Win32
		{5482465F-B85F-4D00-A848-3CD6E38B5B21}.Debug|Any CPU.ActiveCfg = Debug|Win32
		{5482465F-B85F-4D00-A848-3CD6E38B5B21}.Debug|x64.ActiveCfg = Debug|x64
		{5482465F-B85F-4D00-A848-3CD6E38B5B21}.Debug|x64.Build.0 = Debug|x64
		{5482465F-B85F-4D00-A848-3CD6E38B5B21}.Debug|x86.ActiveCfg = Debug|Win32
		{5482465F-B85F-4D00-A848-3CD6E38B5B21}.Debug|x86.Build.0 = Debug|Win32
		{5482465F-B85F-4D00-A848-3CD6E38B5B21}.Release|Any CPU.ActiveCfg = Release|Win32
		{5482465F-B85F-4D00-A848-3CD6E38B5B21}.Release|x64.ActiveCfg = Release|x64
		{5482465F-B85F-4D00-A848-3CD6E38B5B21}.Release|x64.Build.0 = Release|x64
		{5482465F-B85F-4D00-A848-3CD6E38B5B21}.Release|x86.ActiveCfg = Release|Win32
		{5482465F-B85F-4D00-A848-3CD6E38B5B21}.Release|x86.Build.0 = Release|Win32
		{CF089F01-F70C-4F42-B62A-482514C7D071}.Debug|Any CPU.ActiveCfg = Debug|Win32
		{CF089F01-F70C-4F42-B62A-482514C7D071}.Debug|x64.ActiveCfg = Debug|x64
		{CF089F01-F70C-4F42-B62A-482514C7D071}.Debug|x64.Build.0 = Debug|x64
		{CF089F01-F70C-4F42-B62A-482514C7D071}.Debug|x86.ActiveCfg = Debug|Win32
		{CF089F01-F70C-4F42-B62A-482514C7D071}.Debug|x86.Build.0 = Debug|Win32
		{CF089F01-F70C-4F42-B62A-482514C7D071}.Release|Any CPU.ActiveCfg = Release|Win32
		{CF089F01-F70C-4F42-B62A-482514C7D071}.Release|x64.ActiveCfg = Release|x64
		{CF089F01-F70C-4F42-B62A-482514C7D071}.Release|x64.Build.0 = Release|x64
		{CF089F01-F70C-4F42-B62A-482514C7D071}.Release|x86.ActiveCfg = Release|Win32
		{CF089F01-F70C-4F42-B62A-482514C7D071}.Release|x86.Build.0 = Release|Win32
		{E2609B82-AEA9-46C6-896A-7BB148E27B2F}.Debug|Any CPU.ActiveCfg = Debug|Win32
		{E2609B82-AEA9-46C6-896A-7BB148E27B2F}.Debug|x64.ActiveCfg = Debug|x64
		{E2609B82-AEA9-46C6-896A-7BB148E27B2F}.Debug|x64.Build.0 = Debug|x64
		{E2609B82-AEA9-46C6-896A-7BB148E27B2F}.Debug|x86.ActiveCfg = Debug|Win32
		{E2609B82-AEA9-46C6-896A-7BB148E27B2F}.Debug|x86.Build.0 = Debug|Win32
		{E2609B82-AEA9-46C6-896A-7BB148E27B2F}.Release|Any CPU.ActiveCfg = Release|Win32
		{E2609B82-AEA9-46C6-896A-7BB148E27B2F}.Release|x64.ActiveCfg = Release|x64
		{E2609B82-AEA9-46C6-896A-7BB148E27B2F}.Release|x64.Build.0 = Release|x64
		{E2609B82-AEA9-46C6-896A-7BB148E27B2F}.Release|x86.ActiveCfg = Release|Win32
		{E2609B82-AEA9-46C6-896A-7BB148E27B2F}.Release|x86.Build.0 = Release|Win32
		{0354CA72-0AAC-400B-8563-112B89B6AF7F}.Debug|Any CPU.ActiveCfg = Debug|Win32
		{0354CA72-0AAC-400B-8563-112B89B6AF7F}.Debug|x64.ActiveCfg = Debug|x64
		{0354CA72-0AAC-400B-8563-112B89B6AF7F}.Debug|x64.Build.0 = Debug|x64
		{0354CA72-0AAC-400B-8563-112B89B6AF7F}.Debug|x86.ActiveCfg = Debug|Win32
		{0354CA72-0AAC-400B-8563-112B89B6AF7F}.Debug|x86.Build.0 = Debug|Win32
		{0354CA72-0AAC-400B-8563-112B89B6AF7F}.Release|Any CPU.ActiveCfg = Release|Win32
		{0354CA72-0AAC-400B-8563-112B89B6AF7F}.Release|x64.ActiveCfg = Release|x64
		{0354CA72-0AAC-400B-8563-112B89B6AF7F}.Release|x64.Build.0 = Release|x64
		{0354CA72-0AAC-400B-8563-112B89B6AF7F}.Release|x86.ActiveCfg = Release|Win32
		{0354CA72-0AAC-400B-8563-112B89B6AF7F}.Release|x86.Build.0 = Release|Win32
		{F8119203-8DA3-4C2D-877D-3954C849AF8D}.Debug|Any CPU.ActiveCfg = Debug|Win32
		{F8119203-8DA3-4C2D-877D-3954C849AF8D}.Debug|x64.ActiveCfg = Debug|x64
		{F8119203-8DA3-4C2D-877D-3954C849AF8D}.Debug|x64.Build.0 = Debug|x64
		{F8119203-8DA3-4C2D-877D-3954C849AF8D}.Debug|x86.ActiveCfg = Debug|Win32
		{F8119203-8DA3-4C2D-877D-3954C849AF8D}.Debug|x86.Build.0 = Debug|Win32
		{F8119203-8DA3-4C2D-877D-3954C849AF8D}.Release|Any CPU.ActiveCfg = Release|Win32
		{F8119203-8DA3-4C2D-877D-3954C849AF8D}.Release|x64.ActiveCfg = Release|x64
		{F8119203-8DA3-4C2D-877D-3954C849AF8D}.Release|x64.Build.0 = Release|x64
		{F8119203-8DA3-4C2D-877D-3954C849AF8D}.Release|x86.ActiveCfg = Release|Win32
		{F8119203-8DA3-4C2D-877D-3954C849AF8D}.Release|x86.Build.0 = Release|Win32
	EndGlobalSection
	GlobalSection(SolutionProperties) = preSolution
		HideSolutionNode = FALSE
	EndGlobalSection
	GlobalSection(ExtensibilityGlobals) = postSolution
		SolutionGuid = {F0892238-0D57-419E-9DC4-FB0DFA0DB858}
	EndGlobalSection
EndGlobal
